
Microsoft Visual Studio Solution File, Format Version 12.00
# Visual Studio Version 16
VisualStudioVersion = 16.0.30503.244
MinimumVisualStudioVersion = 10.0.40219.1
Project("{FAE04EC0-301F-11D3-BF4B-00C04F79EFBC}") = "payroll.Android", "payroll\payroll.Android\payroll.Android.csproj", "{4F862823-650C-4746-AD4F-34E731EBA480}"
EndProject
Project("{FAE04EC0-301F-11D3-BF4B-00C04F79EFBC}") = "payroll", "payroll\payroll\payroll.csproj", "{D790DF19-2F92-47BD-97FB-33EF4C7AC2B6}"
EndProject
Global
	GlobalSection(SolutionConfigurationPlatforms) = preSolution
		Debug|Any CPU = Debug|Any CPU
		Release|Any CPU = Release|Any CPU
	EndGlobalSection
	GlobalSection(ProjectConfigurationPlatforms) = postSolution
		{4F862823-650C-4746-AD4F-34E731EBA480}.Debug|Any CPU.ActiveCfg = Debug|Any CPU
		{4F862823-650C-4746-AD4F-34E731EBA480}.Debug|Any CPU.Build.0 = Debug|Any CPU
		{4F862823-650C-4746-AD4F-34E731EBA480}.Debug|Any CPU.Deploy.0 = Debug|Any CPU
		{4F862823-650C-4746-AD4F-34E731EBA480}.Release|Any CPU.ActiveCfg = Release|Any CPU
		{4F862823-650C-4746-AD4F-34E731EBA480}.Release|Any CPU.Build.0 = Release|Any CPU
		{4F862823-650C-4746-AD4F-34E731EBA480}.Release|Any CPU.Deploy.0 = Release|Any CPU
		{D790DF19-2F92-47BD-97FB-33EF4C7AC2B6}.Debug|Any CPU.ActiveCfg = Debug|Any CPU
		{D790DF19-2F92-47BD-97FB-33EF4C7AC2B6}.Debug|Any CPU.Build.0 = Debug|Any CPU
		{D790DF19-2F92-47BD-97FB-33EF4C7AC2B6}.Debug|Any CPU.Deploy.0 = Debug|Any CPU
		{D790DF19-2F92-47BD-97FB-33EF4C7AC2B6}.Release|Any CPU.ActiveCfg = Release|Any CPU
		{D790DF19-2F92-47BD-97FB-33EF4C7AC2B6}.Release|Any CPU.Build.0 = Release|Any CPU
		{D790DF19-2F92-47BD-97FB-33EF4C7AC2B6}.Release|Any CPU.Deploy.0 = Release|Any CPU
	EndGlobalSection
	GlobalSection(SolutionProperties) = preSolution
		HideSolutionNode = FALSE
	EndGlobalSection
	GlobalSection(ExtensibilityGlobals) = postSolution
		SolutionGuid = {DA6AF401-D561-4C8B-8EEA-FF8978A9A928}
	EndGlobalSection
EndGlobal
